
Microsoft Visual Studio Solution File, Format Version 12.00
# Visual Studio Version 17
VisualStudioVersion = 17.11.35327.3
MinimumVisualStudioVersion = 10.0.40219.1
Project("{FAE04EC0-301F-11D3-BF4B-00C04F79EFBC}") = "EmployeeManagement.API", "EmployeeManagement.API\EmployeeManagement.API.csproj", "{D1BEDE7D-9964-401D-96A6-5C1DECD92CF9}"
EndProject
Project("{FAE04EC0-301F-11D3-BF4B-00C04F79EFBC}") = "EmployeeManagement.Api.Test", "EmployeeManagement.Api.Test\EmployeeManagement.Api.Test.csproj", "{432E11B5-3277-458D-8BA7-7DF8DB1D8232}"
EndProject
Global
	GlobalSection(SolutionConfigurationPlatforms) = preSolution
		Debug|Any CPU = Debug|Any CPU
		Release|Any CPU = Release|Any CPU
	EndGlobalSection
	GlobalSection(ProjectConfigurationPlatforms) = postSolution
		{D1BEDE7D-9964-401D-96A6-5C1DECD92CF9}.Debug|Any CPU.ActiveCfg = Debug|Any CPU
		{D1BEDE7D-9964-401D-96A6-5C1DECD92CF9}.Debug|Any CPU.Build.0 = Debug|Any CPU
		{D1BEDE7D-9964-401D-96A6-5C1DECD92CF9}.Release|Any CPU.ActiveCfg = Release|Any CPU
		{D1BEDE7D-9964-401D-96A6-5C1DECD92CF9}.Release|Any CPU.Build.0 = Release|Any CPU
		{432E11B5-3277-458D-8BA7-7DF8DB1D8232}.Debug|Any CPU.ActiveCfg = Debug|Any CPU
		{432E11B5-3277-458D-8BA7-7DF8DB1D8232}.Debug|Any CPU.Build.0 = Debug|Any CPU
		{432E11B5-3277-458D-8BA7-7DF8DB1D8232}.Release|Any CPU.ActiveCfg = Release|Any CPU
		{432E11B5-3277-458D-8BA7-7DF8DB1D8232}.Release|Any CPU.Build.0 = Release|Any CPU
	EndGlobalSection
	GlobalSection(SolutionProperties) = preSolution
		HideSolutionNode = FALSE
	EndGlobalSection
	GlobalSection(ExtensibilityGlobals) = postSolution
		SolutionGuid = {45EFD311-C0DC-45D1-8502-468E132E7ACB}
	EndGlobalSection
EndGlobal
